
Microsoft Visual Studio Solution File, Format Version 12.00
# Visual Studio 15
VisualStudioVersion = 15.0.27703.2035
MinimumVisualStudioVersion = 10.0.40219.1
Project("{FAE04EC0-301F-11D3-BF4B-00C04F79EFBC}") = "TwilTool", "TwilTool\TwilTool.csproj", "{141F4201-1838-4FEF-8A78-D8DE8A2BA3D1}"
EndProject
Project("{9A19103F-16F7-4668-BE54-9A1E7A4F7556}") = "TwilTool.Services.Sms", "TwilTool.Services.Sms\TwilTool.Services.Sms.csproj", "{DA5CBC99-68A6-40FB-B334-B236F81BDC10}"
EndProject
Project("{FAE04EC0-301F-11D3-BF4B-00C04F79EFBC}") = "TwilTool.Services.PhoneNumberParsing", "TwilTool.Services.PhoneNumberParser\TwilTool.Services.PhoneNumberParsing.csproj", "{7D12C4FE-AF3F-4245-88BD-9E189018C5F5}"
EndProject
Project("{FAE04EC0-301F-11D3-BF4B-00C04F79EFBC}") = "TwilTool.Services.PhoneNumberParsingTests", "TwilTool.Services.PhoneNumberParserTests\TwilTool.Services.PhoneNumberParsingTests.csproj", "{94DB1068-3DD1-4621-BA48-CEF595F4208E}"
EndProject
Project("{2150E333-8FDC-42A3-9474-1A3956D46DE8}") = "Tests", "Tests", "{725421EF-555D-41CB-8A11-64A6F4E1B75C}"
EndProject
Global
	GlobalSection(SolutionConfigurationPlatforms) = preSolution
		Debug|Any CPU = Debug|Any CPU
		Release|Any CPU = Release|Any CPU
	EndGlobalSection
	GlobalSection(ProjectConfigurationPlatforms) = postSolution
		{141F4201-1838-4FEF-8A78-D8DE8A2BA3D1}.Debug|Any CPU.ActiveCfg = Debug|Any CPU
		{141F4201-1838-4FEF-8A78-D8DE8A2BA3D1}.Debug|Any CPU.Build.0 = Debug|Any CPU
		{141F4201-1838-4FEF-8A78-D8DE8A2BA3D1}.Release|Any CPU.ActiveCfg = Release|Any CPU
		{141F4201-1838-4FEF-8A78-D8DE8A2BA3D1}.Release|Any CPU.Build.0 = Release|Any CPU
		{DA5CBC99-68A6-40FB-B334-B236F81BDC10}.Debug|Any CPU.ActiveCfg = Debug|Any CPU
		{DA5CBC99-68A6-40FB-B334-B236F81BDC10}.Debug|Any CPU.Build.0 = Debug|Any CPU
		{DA5CBC99-68A6-40FB-B334-B236F81BDC10}.Release|Any CPU.ActiveCfg = Release|Any CPU
		{DA5CBC99-68A6-40FB-B334-B236F81BDC10}.Release|Any CPU.Build.0 = Release|Any CPU
		{7D12C4FE-AF3F-4245-88BD-9E189018C5F5}.Debug|Any CPU.ActiveCfg = Debug|Any CPU
		{7D12C4FE-AF3F-4245-88BD-9E189018C5F5}.Debug|Any CPU.Build.0 = Debug|Any CPU
		{7D12C4FE-AF3F-4245-88BD-9E189018C5F5}.Release|Any CPU.ActiveCfg = Release|Any CPU
		{7D12C4FE-AF3F-4245-88BD-9E189018C5F5}.Release|Any CPU.Build.0 = Release|Any CPU
		{94DB1068-3DD1-4621-BA48-CEF595F4208E}.Debug|Any CPU.ActiveCfg = Debug|Any CPU
		{94DB1068-3DD1-4621-BA48-CEF595F4208E}.Debug|Any CPU.Build.0 = Debug|Any CPU
		{94DB1068-3DD1-4621-BA48-CEF595F4208E}.Release|Any CPU.ActiveCfg = Release|Any CPU
		{94DB1068-3DD1-4621-BA48-CEF595F4208E}.Release|Any CPU.Build.0 = Release|Any CPU
	EndGlobalSection
	GlobalSection(SolutionProperties) = preSolution
		HideSolutionNode = FALSE
	EndGlobalSection
	GlobalSection(NestedProjects) = preSolution
		{94DB1068-3DD1-4621-BA48-CEF595F4208E} = {725421EF-555D-41CB-8A11-64A6F4E1B75C}
	EndGlobalSection
	GlobalSection(ExtensibilityGlobals) = postSolution
		SolutionGuid = {3B18920C-2646-4164-9749-ADE76FDF4826}
	EndGlobalSection
EndGlobal
